
Microsoft Visual Studio Solution File, Format Version 12.00
# Visual Studio Version 17
VisualStudioVersion = 17.13.35919.96
MinimumVisualStudioVersion = 10.0.40219.1
Project("{FAE04EC0-301F-11D3-BF4B-00C04F79EFBC}") = "Lucy_SalesManagement", "Lucy_SalesManagement.csproj", "{8687A927-A50E-4EB0-AECC-D95604690D32}"
EndProject
Project("{FAE04EC0-301F-11D3-BF4B-00C04F79EFBC}") = "BusinessObject", "..\BusinessObject\BusinessObject.csproj", "{8DEF335B-9AE0-4D93-808F-16D75B676260}"
EndProject
Project("{FAE04EC0-301F-11D3-BF4B-00C04F79EFBC}") = "DataAccessLayer", "..\DataAccessLayer\DataAccessLayer.csproj", "{7DA14641-13D2-4E92-B663-D89C81E95F46}"
EndProject
Project("{FAE04EC0-301F-11D3-BF4B-00C04F79EFBC}") = "Repositories", "..\Repositories\Repositories.csproj", "{7DFA6967-1DDB-483E-BC82-7B2BD1E40AE9}"
EndProject
Project("{FAE04EC0-301F-11D3-BF4B-00C04F79EFBC}") = "Services", "..\Services\Services.csproj", "{D9127677-D0CA-42F9-B41C-F9E63A82EFF7}"
EndProject
Global
	GlobalSection(SolutionConfigurationPlatforms) = preSolution
		Debug|Any CPU = Debug|Any CPU
		Release|Any CPU = Release|Any CPU
	EndGlobalSection
	GlobalSection(ProjectConfigurationPlatforms) = postSolution
		{8687A927-A50E-4EB0-AECC-D95604690D32}.Debug|Any CPU.ActiveCfg = Debug|Any CPU
		{8687A927-A50E-4EB0-AECC-D95604690D32}.Debug|Any CPU.Build.0 = Debug|Any CPU
		{8687A927-A50E-4EB0-AECC-D95604690D32}.Release|Any CPU.ActiveCfg = Release|Any CPU
		{8687A927-A50E-4EB0-AECC-D95604690D32}.Release|Any CPU.Build.0 = Release|Any CPU
		{8DEF335B-9AE0-4D93-808F-16D75B676260}.Debug|Any CPU.ActiveCfg = Debug|Any CPU
		{8DEF335B-9AE0-4D93-808F-16D75B676260}.Debug|Any CPU.Build.0 = Debug|Any CPU
		{8DEF335B-9AE0-4D93-808F-16D75B676260}.Release|Any CPU.ActiveCfg = Release|Any CPU
		{8DEF335B-9AE0-4D93-808F-16D75B676260}.Release|Any CPU.Build.0 = Release|Any CPU
		{7DA14641-13D2-4E92-B663-D89C81E95F46}.Debug|Any CPU.ActiveCfg = Debug|Any CPU
		{7DA14641-13D2-4E92-B663-D89C81E95F46}.Debug|Any CPU.Build.0 = Debug|Any CPU
		{7DA14641-13D2-4E92-B663-D89C81E95F46}.Release|Any CPU.ActiveCfg = Release|Any CPU
		{7DA14641-13D2-4E92-B663-D89C81E95F46}.Release|Any CPU.Build.0 = Release|Any CPU
		{7DFA6967-1DDB-483E-BC82-7B2BD1E40AE9}.Debug|Any CPU.ActiveCfg = Debug|Any CPU
		{7DFA6967-1DDB-483E-BC82-7B2BD1E40AE9}.Debug|Any CPU.Build.0 = Debug|Any CPU
		{7DFA6967-1DDB-483E-BC82-7B2BD1E40AE9}.Release|Any CPU.ActiveCfg = Release|Any CPU
		{7DFA6967-1DDB-483E-BC82-7B2BD1E40AE9}.Release|Any CPU.Build.0 = Release|Any CPU
		{D9127677-D0CA-42F9-B41C-F9E63A82EFF7}.Debug|Any CPU.ActiveCfg = Debug|Any CPU
		{D9127677-D0CA-42F9-B41C-F9E63A82EFF7}.Debug|Any CPU.Build.0 = Debug|Any CPU
		{D9127677-D0CA-42F9-B41C-F9E63A82EFF7}.Release|Any CPU.ActiveCfg = Release|Any CPU
		{D9127677-D0CA-42F9-B41C-F9E63A82EFF7}.Release|Any CPU.Build.0 = Release|Any CPU
	EndGlobalSection
	GlobalSection(SolutionProperties) = preSolution
		HideSolutionNode = FALSE
	EndGlobalSection
	GlobalSection(ExtensibilityGlobals) = postSolution
		SolutionGuid = {035552E8-C961-4A27-BF25-24CC80AF10A3}
	EndGlobalSection
EndGlobal
